
Microsoft Visual Studio Solution File, Format Version 12.00
# Visual Studio 15
VisualStudioVersion = 15.0.27703.2000
MinimumVisualStudioVersion = 10.0.40219.1
Project("{8BC9CEB8-8B4A-11D0-8D11-00A0C91BC942}") = "19I - 19", "19I - 19\19I - 19.vcxproj", "{E5ABCD10-C791-4069-BA0E-538E41567FFE}"
EndProject
Global
	GlobalSection(SolutionConfigurationPlatforms) = preSolution
		Debug|x64 = Debug|x64
		Debug|x86 = Debug|x86
		Release|x64 = Release|x64
		Release|x86 = Release|x86
	EndGlobalSection
	GlobalSection(ProjectConfigurationPlatforms) = postSolution
		{E5ABCD10-C791-4069-BA0E-538E41567FFE}.Debug|x64.ActiveCfg = Debug|x64
		{E5ABCD10-C791-4069-BA0E-538E41567FFE}.Debug|x64.Build.0 = Debug|x64
		{E5ABCD10-C791-4069-BA0E-538E41567FFE}.Debug|x86.ActiveCfg = Debug|Win32
		{E5ABCD10-C791-4069-BA0E-538E41567FFE}.Debug|x86.Build.0 = Debug|Win32
		{E5ABCD10-C791-4069-BA0E-538E41567FFE}.Release|x64.ActiveCfg = Release|x64
		{E5ABCD10-C791-4069-BA0E-538E41567FFE}.Release|x64.Build.0 = Release|x64
		{E5ABCD10-C791-4069-BA0E-538E41567FFE}.Release|x86.ActiveCfg = Release|Win32
		{E5ABCD10-C791-4069-BA0E-538E41567FFE}.Release|x86.Build.0 = Release|Win32
	EndGlobalSection
	GlobalSection(SolutionProperties) = preSolution
		HideSolutionNode = FALSE
	EndGlobalSection
	GlobalSection(ExtensibilityGlobals) = postSolution
		SolutionGuid = {46309F8F-D79F-4800-858D-61FC7DC6DC0B}
	EndGlobalSection
EndGlobal
