
Microsoft Visual Studio Solution File, Format Version 12.00
# Visual Studio 15
VisualStudioVersion = 15.0.27703.2000
MinimumVisualStudioVersion = 10.0.40219.1
Project("{8BC9CEB8-8B4A-11D0-8D11-00A0C91BC942}") = "E15 - 15", "E15 - 15\E15 - 15.vcxproj", "{961EBCCD-47B4-40E4-876B-A0F89D547A51}"
EndProject
Global
	GlobalSection(SolutionConfigurationPlatforms) = preSolution
		Debug|x64 = Debug|x64
		Debug|x86 = Debug|x86
		Release|x64 = Release|x64
		Release|x86 = Release|x86
	EndGlobalSection
	GlobalSection(ProjectConfigurationPlatforms) = postSolution
		{961EBCCD-47B4-40E4-876B-A0F89D547A51}.Debug|x64.ActiveCfg = Debug|x64
		{961EBCCD-47B4-40E4-876B-A0F89D547A51}.Debug|x64.Build.0 = Debug|x64
		{961EBCCD-47B4-40E4-876B-A0F89D547A51}.Debug|x86.ActiveCfg = Debug|Win32
		{961EBCCD-47B4-40E4-876B-A0F89D547A51}.Debug|x86.Build.0 = Debug|Win32
		{961EBCCD-47B4-40E4-876B-A0F89D547A51}.Release|x64.ActiveCfg = Release|x64
		{961EBCCD-47B4-40E4-876B-A0F89D547A51}.Release|x64.Build.0 = Release|x64
		{961EBCCD-47B4-40E4-876B-A0F89D547A51}.Release|x86.ActiveCfg = Release|Win32
		{961EBCCD-47B4-40E4-876B-A0F89D547A51}.Release|x86.Build.0 = Release|Win32
	EndGlobalSection
	GlobalSection(SolutionProperties) = preSolution
		HideSolutionNode = FALSE
	EndGlobalSection
	GlobalSection(ExtensibilityGlobals) = postSolution
		SolutionGuid = {3CBAC0AB-1BD5-47AE-8B3C-BB4BC8D7C14C}
	EndGlobalSection
EndGlobal
